
Microsoft Visual Studio Solution File, Format Version 12.00
# Visual Studio Version 17
VisualStudioVersion = 17.13.35919.96 d17.13
MinimumVisualStudioVersion = 10.0.40219.1
Project("{FAE04EC0-301F-11D3-BF4B-00C04F79EFBC}") = "ADBToolKit_1", "ADBToolKit_1.csproj", "{15643598-A27D-4539-9424-FA76EDE4EC01}"
EndProject
Global
	GlobalSection(SolutionConfigurationPlatforms) = preSolution
		Debug|Any CPU = Debug|Any CPU
		Release|Any CPU = Release|Any CPU
	EndGlobalSection
	GlobalSection(ProjectConfigurationPlatforms) = postSolution
		{15643598-A27D-4539-9424-FA76EDE4EC01}.Debug|Any CPU.ActiveCfg = Debug|Any CPU
		{15643598-A27D-4539-9424-FA76EDE4EC01}.Debug|Any CPU.Build.0 = Debug|Any CPU
		{15643598-A27D-4539-9424-FA76EDE4EC01}.Release|Any CPU.ActiveCfg = Release|Any CPU
		{15643598-A27D-4539-9424-FA76EDE4EC01}.Release|Any CPU.Build.0 = Release|Any CPU
	EndGlobalSection
	GlobalSection(SolutionProperties) = preSolution
		HideSolutionNode = FALSE
	EndGlobalSection
	GlobalSection(ExtensibilityGlobals) = postSolution
		SolutionGuid = {F927D1F1-7BD2-4565-8249-0C3C66A911A6}
	EndGlobalSection
EndGlobal
